
Microsoft Visual Studio Solution File, Format Version 12.00
# Visual Studio Version 17
VisualStudioVersion = 17.1.32228.430
MinimumVisualStudioVersion = 10.0.40219.1
Project("{FAE04EC0-301F-11D3-BF4B-00C04F79EFBC}") = "Backend", "Backend\Backend.csproj", "{4E700A48-9074-413A-8B6D-425E86545242}"
	ProjectSection(ProjectDependencies) = postProject
		{F6BF12B0-81BD-492B-88F3-670CCB225EDD} = {F6BF12B0-81BD-492B-88F3-670CCB225EDD}
		{E5B309F7-093C-449E-8539-7FC4EBE20FF4} = {E5B309F7-093C-449E-8539-7FC4EBE20FF4}
	EndProjectSection
EndProject
Project("{FAE04EC0-301F-11D3-BF4B-00C04F79EFBC}") = "Backend.Core", "Backend.Core\Backend.Core.csproj", "{E5B309F7-093C-449E-8539-7FC4EBE20FF4}"
EndProject
Project("{FAE04EC0-301F-11D3-BF4B-00C04F79EFBC}") = "Backend.Infrastructure", "Backend.Infrastructure\Backend.Infrastructure.csproj", "{F6BF12B0-81BD-492B-88F3-670CCB225EDD}"
EndProject
Global
	GlobalSection(SolutionConfigurationPlatforms) = preSolution
		Debug|Any CPU = Debug|Any CPU
		Release|Any CPU = Release|Any CPU
	EndGlobalSection
	GlobalSection(ProjectConfigurationPlatforms) = postSolution
		{4E700A48-9074-413A-8B6D-425E86545242}.Debug|Any CPU.ActiveCfg = Debug|Any CPU
		{4E700A48-9074-413A-8B6D-425E86545242}.Debug|Any CPU.Build.0 = Debug|Any CPU
		{4E700A48-9074-413A-8B6D-425E86545242}.Release|Any CPU.ActiveCfg = Release|Any CPU
		{4E700A48-9074-413A-8B6D-425E86545242}.Release|Any CPU.Build.0 = Release|Any CPU
		{E5B309F7-093C-449E-8539-7FC4EBE20FF4}.Debug|Any CPU.ActiveCfg = Debug|Any CPU
		{E5B309F7-093C-449E-8539-7FC4EBE20FF4}.Debug|Any CPU.Build.0 = Debug|Any CPU
		{E5B309F7-093C-449E-8539-7FC4EBE20FF4}.Release|Any CPU.ActiveCfg = Release|Any CPU
		{E5B309F7-093C-449E-8539-7FC4EBE20FF4}.Release|Any CPU.Build.0 = Release|Any CPU
		{F6BF12B0-81BD-492B-88F3-670CCB225EDD}.Debug|Any CPU.ActiveCfg = Debug|Any CPU
		{F6BF12B0-81BD-492B-88F3-670CCB225EDD}.Debug|Any CPU.Build.0 = Debug|Any CPU
		{F6BF12B0-81BD-492B-88F3-670CCB225EDD}.Release|Any CPU.ActiveCfg = Release|Any CPU
		{F6BF12B0-81BD-492B-88F3-670CCB225EDD}.Release|Any CPU.Build.0 = Release|Any CPU
	EndGlobalSection
	GlobalSection(SolutionProperties) = preSolution
		HideSolutionNode = FALSE
	EndGlobalSection
	GlobalSection(ExtensibilityGlobals) = postSolution
		SolutionGuid = {272F620F-8354-40DE-900E-63190EB78A47}
	EndGlobalSection
EndGlobal
